
Microsoft Visual Studio Solution File, Format Version 12.00
# Visual Studio 2013
VisualStudioVersion = 12.0.40629.0
MinimumVisualStudioVersion = 10.0.40219.1
Project("{FAE04EC0-301F-11D3-BF4B-00C04F79EFBC}") = "SelfHostInRequestScopeMyTestedWebApi", "SelfHostInRequestScopeMyTestedWebApi\SelfHostInRequestScopeMyTestedWebApi.csproj", "{6ECB7F15-F5AC-4F71-80C6-7AE775B4A389}"
EndProject
Project("{FAE04EC0-301F-11D3-BF4B-00C04F79EFBC}") = "SelfHostInRequestScopeMyTestedWebApi.Tests", "SelfHostInRequestScopeMyTestedWebApi.Tests\SelfHostInRequestScopeMyTestedWebApi.Tests.csproj", "{D8D8DB62-8AF7-463C-A739-0CDD5C9F6A26}"
EndProject
Global
	GlobalSection(SolutionConfigurationPlatforms) = preSolution
		Debug|Any CPU = Debug|Any CPU
		Release|Any CPU = Release|Any CPU
	EndGlobalSection
	GlobalSection(ProjectConfigurationPlatforms) = postSolution
		{6ECB7F15-F5AC-4F71-80C6-7AE775B4A389}.Debug|Any CPU.ActiveCfg = Debug|Any CPU
		{6ECB7F15-F5AC-4F71-80C6-7AE775B4A389}.Debug|Any CPU.Build.0 = Debug|Any CPU
		{6ECB7F15-F5AC-4F71-80C6-7AE775B4A389}.Release|Any CPU.ActiveCfg = Release|Any CPU
		{6ECB7F15-F5AC-4F71-80C6-7AE775B4A389}.Release|Any CPU.Build.0 = Release|Any CPU
		{D8D8DB62-8AF7-463C-A739-0CDD5C9F6A26}.Debug|Any CPU.ActiveCfg = Debug|Any CPU
		{D8D8DB62-8AF7-463C-A739-0CDD5C9F6A26}.Debug|Any CPU.Build.0 = Debug|Any CPU
		{D8D8DB62-8AF7-463C-A739-0CDD5C9F6A26}.Release|Any CPU.ActiveCfg = Release|Any CPU
		{D8D8DB62-8AF7-463C-A739-0CDD5C9F6A26}.Release|Any CPU.Build.0 = Release|Any CPU
	EndGlobalSection
	GlobalSection(SolutionProperties) = preSolution
		HideSolutionNode = FALSE
	EndGlobalSection
EndGlobal
